lockVersion: 2.0.0
id: dbf70e8a-59a2-4bda-b045-4a85997bbf3b
management:
  docChecksum: 33c07e585caae3e31a297b1d7ada0ec2
  docVersion: 3.0.1
  speakeasyVersion: internal
  generationVersion: 2.272.4
  releaseVersion: 0.14.2
  configChecksum: bd6807d5c6b9eb1b14e0f4b78aa71989
  repoURL: https://github.com/speakeasy-sdks/test-bolt.git
  repoSubDirectory: .
  installationURL: https://github.com/speakeasy-sdks/test-bolt
  published: true
features:
  go:
    core: 3.4.3
    globalSecurity: 2.82.7
    globalServerURLs: 2.82.1
    inputOutputModels: 2.83.0
    methodSecurity: 2.82.2
    unions: 2.85.3
generatedFiles:
  - account.go
  - payments.go
  - configuration.go
  - testing.go
  - webhooks.go
  - testbolt.go
  - go.mod
  - pkg/models/sdkerrors/sdkerror.go
  - pkg/types/bigint.go
  - pkg/types/date.go
  - pkg/types/datetime.go
  - pkg/types/decimal.go
  - pkg/types/pointers.go
  - pkg/utils/contenttype.go
  - pkg/utils/form.go
  - pkg/utils/headers.go
  - pkg/utils/json.go
  - pkg/utils/pathparams.go
  - pkg/utils/queryparams.go
  - pkg/utils/requestbody.go
  - pkg/utils/retries.go
  - pkg/utils/security.go
  - pkg/utils/utils.go
  - /pkg/models/operations/accountaddpaymentmethod.go
  - /pkg/models/operations/accountaddresscreate.go
  - /pkg/models/operations/accountaddressdelete.go
  - /pkg/models/operations/accountaddressedit.go
  - /pkg/models/operations/accountexists.go
  - /pkg/models/operations/accountget.go
  - /pkg/models/operations/guestpaymentsinitialize.go
  - /pkg/models/operations/paymentsinitialize.go
  - /pkg/models/operations/merchantcallbacksget.go
  - /pkg/models/operations/merchantcallbacksupdate.go
  - /pkg/models/operations/merchantidentifiersget.go
  - /pkg/models/operations/testingaccountcreate.go
  - /pkg/models/operations/testingcreditcardget.go
  - /pkg/models/operations/testingshipmenttrackingcreate.go
  - /pkg/models/operations/webhookscreate.go
  - /pkg/models/operations/webhooksdelete.go
  - /pkg/models/operations/webhooksget.go
  - /pkg/models/operations/webhooksgetall.go
  - /pkg/models/shared/paymentmethod.go
  - /pkg/models/shared/paymentmethodcreditcard.go
  - /pkg/models/shared/addressreference.go
  - /pkg/models/shared/addressreferenceid.go
  - /pkg/models/shared/addressreferenceexplicit.go
  - /pkg/models/shared/addresslisting.go
  - /pkg/models/shared/addresserrorinvalidpostalcode.go
  - /pkg/models/shared/addresserrorinvalidregion.go
  - /pkg/models/shared/identifier.go
  - /pkg/models/shared/account.go
  - /pkg/models/shared/profile.go
  - /pkg/models/shared/paymentmethodinitializeresponse.go
  - /pkg/models/shared/guestpaymentmethodinitializerequest.go
  - /pkg/models/shared/paymentmethodpaypal.go
  - /pkg/models/shared/cart.go
  - /pkg/models/shared/cartshipment.go
  - /pkg/models/shared/amounts.go
  - /pkg/models/shared/cartitem.go
  - /pkg/models/shared/cartdiscount.go
  - /pkg/models/shared/paymentmethodinitializerequest.go
  - /pkg/models/shared/paymentmethodsavedpaymentmethod.go
  - /pkg/models/shared/callbackurls.go
  - /pkg/models/shared/callbackurlerrorinvalidurl.go
  - /pkg/models/shared/identifiers.go
  - /pkg/models/shared/accounttestcreationdataoutput.go
  - /pkg/models/shared/creditcard.go
  - /pkg/models/shared/shipmenttrackingupdate.go
  - /pkg/models/shared/webhook.go
  - /pkg/models/shared/eventgroup.go
  - /pkg/models/shared/eventlist.go
  - /pkg/models/shared/security.go
  - /pkg/models/sdkerrors/accountaddresscreate.go
  - /pkg/models/sdkerrors/error.go
  - /pkg/models/sdkerrors/accountaddressedit.go
  - /pkg/models/sdkerrors/merchantcallbacksupdate.go
  - /pkg/models/callbacks/webhookscreate.go
  - docs/pkg/models/operations/accountaddpaymentmethodsecurity.md
  - docs/pkg/models/operations/accountaddpaymentmethodrequest.md
  - docs/pkg/models/operations/accountaddpaymentmethodresponse.md
  - docs/pkg/models/operations/accountaddresscreatesecurity.md
  - docs/pkg/models/operations/accountaddresscreaterequest.md
  - docs/pkg/models/operations/accountaddresscreateresponse.md
  - docs/pkg/models/operations/accountaddressdeleterequest.md
  - docs/pkg/models/operations/accountaddressdeleteresponse.md
  - docs/pkg/models/operations/accountaddresseditsecurity.md
  - docs/pkg/models/operations/accountaddresseditrequest.md
  - docs/pkg/models/operations/accountaddresseditresponse.md
  - docs/pkg/models/operations/accountexistsrequest.md
  - docs/pkg/models/operations/accountexistsresponse.md
  - docs/pkg/models/operations/accountgetsecurity.md
  - docs/pkg/models/operations/accountgetrequest.md
  - docs/pkg/models/operations/accountgetresponse.md
  - docs/pkg/models/operations/guestpaymentsinitializerequest.md
  - docs/pkg/models/operations/guestpaymentsinitializeresponse.md
  - docs/pkg/models/operations/paymentsinitializesecurity.md
  - docs/pkg/models/operations/paymentsinitializerequest.md
  - docs/pkg/models/operations/paymentsinitializeresponse.md
  - docs/pkg/models/operations/merchantcallbacksgetrequest.md
  - docs/pkg/models/operations/merchantcallbacksgetresponse.md
  - docs/pkg/models/operations/merchantcallbacksupdaterequest.md
  - docs/pkg/models/operations/merchantcallbacksupdateresponse.md
  - docs/pkg/models/operations/merchantidentifiersgetresponse.md
  - docs/pkg/models/operations/testingaccountcreateresponse.md
  - docs/pkg/models/operations/testingcreditcardgetresponse.md
  - docs/pkg/models/operations/testingshipmenttrackingcreateresponse.md
  - docs/pkg/models/operations/webhookscreateresponse.md
  - docs/pkg/models/operations/webhooksdeleterequest.md
  - docs/pkg/models/operations/webhooksdeleteresponse.md
  - docs/pkg/models/operations/webhooksgetrequest.md
  - docs/pkg/models/operations/webhooksgetresponse.md
  - docs/pkg/models/operations/webhooksgetallrequest.md
  - docs/pkg/models/operations/webhooksgetallresponsebody.md
  - docs/pkg/models/operations/webhooksgetallresponse.md
  - docs/pkg/models/shared/paymentmethod.md
  - docs/pkg/models/shared/paymentmethodcreditcardtag.md
  - docs/pkg/models/shared/paymentmethodcreditcardnetwork.md
  - docs/pkg/models/shared/type.md
  - docs/pkg/models/shared/paymentmethodcreditcard.md
  - docs/pkg/models/shared/addressreference.md
  - docs/pkg/models/shared/addressreferenceidtag.md
  - docs/pkg/models/shared/addressreferenceid.md
  - docs/pkg/models/shared/addressreferenceexplicittag.md
  - docs/pkg/models/shared/addressreferenceexplicit.md
  - docs/pkg/models/shared/addresslisting.md
  - docs/pkg/models/shared/dottag.md
  - docs/pkg/models/shared/addresserrorinvalidpostalcode.md
  - docs/pkg/models/shared/addresserrorinvalidregiontag.md
  - docs/pkg/models/shared/addresserrorinvalidregion.md
  - docs/pkg/models/shared/identifiertype.md
  - docs/pkg/models/shared/identifier.md
  - docs/pkg/models/shared/account.md
  - docs/pkg/models/shared/profile.md
  - docs/pkg/models/shared/method.md
  - docs/pkg/models/shared/paymentmethodinitializeresponsetype.md
  - docs/pkg/models/shared/action.md
  - docs/pkg/models/shared/status.md
  - docs/pkg/models/shared/paymentmethodinitializeresponse.md
  - docs/pkg/models/shared/guestpaymentmethodinitializerequestpaymentmethod.md
  - docs/pkg/models/shared/guestpaymentmethodinitializerequest.md
  - docs/pkg/models/shared/paymentmethodpaypaltag.md
  - docs/pkg/models/shared/paymentmethodpaypal.md
  - docs/pkg/models/shared/cart.md
  - docs/pkg/models/shared/cartshipment.md
  - docs/pkg/models/shared/amounts.md
  - docs/pkg/models/shared/cartitem.md
  - docs/pkg/models/shared/cartdiscount.md
  - docs/pkg/models/shared/paymentmethodinitializerequestpaymentmethod.md
  - docs/pkg/models/shared/paymentmethodinitializerequest.md
  - docs/pkg/models/shared/paymentmethodsavedpaymentmethodtag.md
  - docs/pkg/models/shared/paymentmethodsavedpaymentmethod.md
  - docs/pkg/models/shared/callbackurls.md
  - docs/pkg/models/shared/callbackurlerrorinvalidurltag.md
  - docs/pkg/models/shared/callbackurlerrorinvalidurl.md
  - docs/pkg/models/shared/merchantdivisions.md
  - docs/pkg/models/shared/identifiers.md
  - docs/pkg/models/shared/emailstate.md
  - docs/pkg/models/shared/phonestate.md
  - docs/pkg/models/shared/accounttestcreationdataoutput.md
  - docs/pkg/models/shared/accounttestcreationdata.md
  - docs/pkg/models/shared/network.md
  - docs/pkg/models/shared/creditcard.md
  - docs/pkg/models/shared/shipmenttrackingupdatestatus.md
  - docs/pkg/models/shared/shipmenttrackingupdateschemasstatus.md
  - docs/pkg/models/shared/trackingdetails.md
  - docs/pkg/models/shared/shipmenttrackingupdate.md
  - docs/pkg/models/shared/event.md
  - docs/pkg/models/shared/webhook.md
  - docs/pkg/models/shared/eventgrouptag.md
  - docs/pkg/models/shared/eventgroupeventgroup.md
  - docs/pkg/models/shared/eventgroup.md
  - docs/pkg/models/shared/eventlisttag.md
  - docs/pkg/models/shared/eventlisteventlist.md
  - docs/pkg/models/shared/eventlist.md
  - docs/pkg/models/shared/webhookinput.md
  - docs/pkg/models/shared/security.md
  - docs/pkg/models/sdkerrors/accountaddresscreateresponsebody.md
  - docs/pkg/models/sdkerrors/error.md
  - docs/pkg/models/sdkerrors/accountaddresseditresponsebody.md
  - docs/pkg/models/sdkerrors/merchantcallbacksupdateresponsebody.md
  - docs/pkg/models/callbacks/webhookscreatewebhookeventresponse.md
  - docs/pkg/models/callbacks/webhookscreatewebhookeventrequestbody.md
  - docs/sdks/testbolt/README.md
  - docs/sdks/account/README.md
  - docs/sdks/payments/README.md
  - docs/sdks/configuration/README.md
  - docs/sdks/testing/README.md
  - docs/sdks/webhooks/README.md
  - USAGE.md
  - .gitattributes
  - internal/hooks/hooks.go
